
Microsoft Visual Studio Solution File, Format Version 12.00
# Visual Studio 14
VisualStudioVersion = 14.0.23107.0
MinimumVisualStudioVersion = 10.0.40219.1
Project("{FAE04EC0-301F-11D3-BF4B-00C04F79EFBC}") = "ValidateData", "ValidateData\ValidateData.csproj", "{8B708372-B6A7-4CFF-90BC-82B48F573DD2}"
EndProject
Project("{FAE04EC0-301F-11D3-BF4B-00C04F79EFBC}") = "ValidateData.WebApp", "ValidateData.WebApp\ValidateData.WebApp.csproj", "{82312D82-0C15-42D3-BD87-7B1EC79433BF}"
EndProject
Project("{FAE04EC0-301F-11D3-BF4B-00C04F79EFBC}") = "ValidateData.WebApp.Tests", "ValidateData.WebApp.Tests\ValidateData.WebApp.Tests.csproj", "{0B18C497-9B14-4A87-AFA6-5DCFA5C5668E}"
EndProject
Global
	GlobalSection(SolutionConfigurationPlatforms) = preSolution
		Debug|Any CPU = Debug|Any CPU
		Release|Any CPU = Release|Any CPU
	EndGlobalSection
	GlobalSection(ProjectConfigurationPlatforms) = postSolution
		{8B708372-B6A7-4CFF-90BC-82B48F573DD2}.Debug|Any CPU.ActiveCfg = Debug|Any CPU
		{8B708372-B6A7-4CFF-90BC-82B48F573DD2}.Debug|Any CPU.Build.0 = Debug|Any CPU
		{8B708372-B6A7-4CFF-90BC-82B48F573DD2}.Release|Any CPU.ActiveCfg = Release|Any CPU
		{8B708372-B6A7-4CFF-90BC-82B48F573DD2}.Release|Any CPU.Build.0 = Release|Any CPU
		{82312D82-0C15-42D3-BD87-7B1EC79433BF}.Debug|Any CPU.ActiveCfg = Debug|Any CPU
		{82312D82-0C15-42D3-BD87-7B1EC79433BF}.Debug|Any CPU.Build.0 = Debug|Any CPU
		{82312D82-0C15-42D3-BD87-7B1EC79433BF}.Release|Any CPU.ActiveCfg = Release|Any CPU
		{82312D82-0C15-42D3-BD87-7B1EC79433BF}.Release|Any CPU.Build.0 = Release|Any CPU
		{0B18C497-9B14-4A87-AFA6-5DCFA5C5668E}.Debug|Any CPU.ActiveCfg = Debug|Any CPU
		{0B18C497-9B14-4A87-AFA6-5DCFA5C5668E}.Debug|Any CPU.Build.0 = Debug|Any CPU
		{0B18C497-9B14-4A87-AFA6-5DCFA5C5668E}.Release|Any CPU.ActiveCfg = Release|Any CPU
		{0B18C497-9B14-4A87-AFA6-5DCFA5C5668E}.Release|Any CPU.Build.0 = Release|Any CPU
	EndGlobalSection
	GlobalSection(SolutionProperties) = preSolution
		HideSolutionNode = FALSE
	EndGlobalSection
EndGlobal
